
Microsoft Visual Studio Solution File, Format Version 12.00
# Visual Studio 15
VisualStudioVersion = 15.0.27428.2043
MinimumVisualStudioVersion = 10.0.40219.1
Project("{9A19103F-16F7-4668-BE54-9A1E7A4F7556}") = "MilestoneTG.ApplicationInsights", "MilestoneTG.ApplicationInsights\MilestoneTG.ApplicationInsights.csproj", "{1593498F-EEFC-4460-9F81-6B188C62D8E2}"
EndProject
Project("{FAE04EC0-301F-11D3-BF4B-00C04F79EFBC}") = "UnitTests", "..\test\UnitTests\UnitTests.csproj", "{E0241E37-7B11-40BB-B23E-4E5E5BE73126}"
EndProject
Global
	GlobalSection(SolutionConfigurationPlatforms) = preSolution
		Debug|Any CPU = Debug|Any CPU
		Release|Any CPU = Release|Any CPU
	EndGlobalSection
	GlobalSection(ProjectConfigurationPlatforms) = postSolution
		{1593498F-EEFC-4460-9F81-6B188C62D8E2}.Debug|Any CPU.ActiveCfg = Debug|Any CPU
		{1593498F-EEFC-4460-9F81-6B188C62D8E2}.Debug|Any CPU.Build.0 = Debug|Any CPU
		{1593498F-EEFC-4460-9F81-6B188C62D8E2}.Release|Any CPU.ActiveCfg = Release|Any CPU
		{1593498F-EEFC-4460-9F81-6B188C62D8E2}.Release|Any CPU.Build.0 = Release|Any CPU
		{E0241E37-7B11-40BB-B23E-4E5E5BE73126}.Debug|Any CPU.ActiveCfg = Debug|Any CPU
		{E0241E37-7B11-40BB-B23E-4E5E5BE73126}.Debug|Any CPU.Build.0 = Debug|Any CPU
		{E0241E37-7B11-40BB-B23E-4E5E5BE73126}.Release|Any CPU.ActiveCfg = Release|Any CPU
		{E0241E37-7B11-40BB-B23E-4E5E5BE73126}.Release|Any CPU.Build.0 = Release|Any CPU
	EndGlobalSection
	GlobalSection(SolutionProperties) = preSolution
		HideSolutionNode = FALSE
	EndGlobalSection
	GlobalSection(ExtensibilityGlobals) = postSolution
		SolutionGuid = {8EDFF15E-67BC-4372-B1F3-9B2DA092B5F9}
	EndGlobalSection
EndGlobal
